
Microsoft Visual Studio Solution File, Format Version 12.00
# Visual Studio Version 16
VisualStudioVersion = 16.0.30114.105
MinimumVisualStudioVersion = 10.0.40219.1
Project("{9A19103F-16F7-4668-BE54-9A1E7A4F7556}") = "API", "API\API.csproj", "{CEBF9021-B295-4FC5-8CB1-C7A87848B43F}"
EndProject
Project("{FAE04EC0-301F-11D3-BF4B-00C04F79EFBC}") = "ReStoreModelLibrary", "ReStoreModelLibrary\ReStoreModelLibrary.csproj", "{1AA27CA4-7917-49F4-A25F-7132D901FB47}"
EndProject
Project("{FAE04EC0-301F-11D3-BF4B-00C04F79EFBC}") = "ReStoreDataAccessLibrary", "ReStoreDataAccessLibrary\ReStoreDataAccessLibrary.csproj", "{53B709EA-882C-4D33-BBCE-C146A743A81D}"
EndProject
Global
	GlobalSection(SolutionConfigurationPlatforms) = preSolution
		Debug|Any CPU = Debug|Any CPU
		Debug|x64 = Debug|x64
		Debug|x86 = Debug|x86
		Release|Any CPU = Release|Any CPU
		Release|x64 = Release|x64
		Release|x86 = Release|x86
	EndGlobalSection
	GlobalSection(ProjectConfigurationPlatforms) = postSolution
		{CEBF9021-B295-4FC5-8CB1-C7A87848B43F}.Debug|Any CPU.ActiveCfg = Debug|Any CPU
		{CEBF9021-B295-4FC5-8CB1-C7A87848B43F}.Debug|Any CPU.Build.0 = Debug|Any CPU
		{CEBF9021-B295-4FC5-8CB1-C7A87848B43F}.Debug|x64.ActiveCfg = Debug|Any CPU
		{CEBF9021-B295-4FC5-8CB1-C7A87848B43F}.Debug|x64.Build.0 = Debug|Any CPU
		{CEBF9021-B295-4FC5-8CB1-C7A87848B43F}.Debug|x86.ActiveCfg = Debug|Any CPU
		{CEBF9021-B295-4FC5-8CB1-C7A87848B43F}.Debug|x86.Build.0 = Debug|Any CPU
		{CEBF9021-B295-4FC5-8CB1-C7A87848B43F}.Release|Any CPU.ActiveCfg = Release|Any CPU
		{CEBF9021-B295-4FC5-8CB1-C7A87848B43F}.Release|Any CPU.Build.0 = Release|Any CPU
		{CEBF9021-B295-4FC5-8CB1-C7A87848B43F}.Release|x64.ActiveCfg = Release|Any CPU
		{CEBF9021-B295-4FC5-8CB1-C7A87848B43F}.Release|x64.Build.0 = Release|Any CPU
		{CEBF9021-B295-4FC5-8CB1-C7A87848B43F}.Release|x86.ActiveCfg = Release|Any CPU
		{CEBF9021-B295-4FC5-8CB1-C7A87848B43F}.Release|x86.Build.0 = Release|Any CPU
		{1AA27CA4-7917-49F4-A25F-7132D901FB47}.Debug|Any CPU.ActiveCfg = Debug|Any CPU
		{1AA27CA4-7917-49F4-A25F-7132D901FB47}.Debug|Any CPU.Build.0 = Debug|Any CPU
		{1AA27CA4-7917-49F4-A25F-7132D901FB47}.Debug|x64.ActiveCfg = Debug|Any CPU
		{1AA27CA4-7917-49F4-A25F-7132D901FB47}.Debug|x64.Build.0 = Debug|Any CPU
		{1AA27CA4-7917-49F4-A25F-7132D901FB47}.Debug|x86.ActiveCfg = Debug|Any CPU
		{1AA27CA4-7917-49F4-A25F-7132D901FB47}.Debug|x86.Build.0 = Debug|Any CPU
		{1AA27CA4-7917-49F4-A25F-7132D901FB47}.Release|Any CPU.ActiveCfg = Release|Any CPU
		{1AA27CA4-7917-49F4-A25F-7132D901FB47}.Release|Any CPU.Build.0 = Release|Any CPU
		{1AA27CA4-7917-49F4-A25F-7132D901FB47}.Release|x64.ActiveCfg = Release|Any CPU
		{1AA27CA4-7917-49F4-A25F-7132D901FB47}.Release|x64.Build.0 = Release|Any CPU
		{1AA27CA4-7917-49F4-A25F-7132D901FB47}.Release|x86.ActiveCfg = Release|Any CPU
		{1AA27CA4-7917-49F4-A25F-7132D901FB47}.Release|x86.Build.0 = Release|Any CPU
		{53B709EA-882C-4D33-BBCE-C146A743A81D}.Debug|Any CPU.ActiveCfg = Debug|Any CPU
		{53B709EA-882C-4D33-BBCE-C146A743A81D}.Debug|Any CPU.Build.0 = Debug|Any CPU
		{53B709EA-882C-4D33-BBCE-C146A743A81D}.Debug|x64.ActiveCfg = Debug|Any CPU
		{53B709EA-882C-4D33-BBCE-C146A743A81D}.Debug|x64.Build.0 = Debug|Any CPU
		{53B709EA-882C-4D33-BBCE-C146A743A81D}.Debug|x86.ActiveCfg = Debug|Any CPU
		{53B709EA-882C-4D33-BBCE-C146A743A81D}.Debug|x86.Build.0 = Debug|Any CPU
		{53B709EA-882C-4D33-BBCE-C146A743A81D}.Release|Any CPU.ActiveCfg = Release|Any CPU
		{53B709EA-882C-4D33-BBCE-C146A743A81D}.Release|Any CPU.Build.0 = Release|Any CPU
		{53B709EA-882C-4D33-BBCE-C146A743A81D}.Release|x64.ActiveCfg = Release|Any CPU
		{53B709EA-882C-4D33-BBCE-C146A743A81D}.Release|x64.Build.0 = Release|Any CPU
		{53B709EA-882C-4D33-BBCE-C146A743A81D}.Release|x86.ActiveCfg = Release|Any CPU
		{53B709EA-882C-4D33-BBCE-C146A743A81D}.Release|x86.Build.0 = Release|Any CPU
	EndGlobalSection
	GlobalSection(SolutionProperties) = preSolution
		HideSolutionNode = FALSE
	EndGlobalSection
	GlobalSection(ExtensibilityGlobals) = postSolution
		SolutionGuid = {586CC2B0-1D98-4E35-9CEC-DDD57CF4BAEF}
	EndGlobalSection
EndGlobal
